
Microsoft Visual Studio Solution File, Format Version 12.00
# Visual Studio Version 17
VisualStudioVersion = 17.9.34701.34
MinimumVisualStudioVersion = 10.0.40219.1
Project("{FAE04EC0-301F-11D3-BF4B-00C04F79EFBC}") = "RbTrackerBE", "RbTrackerBE\RbTrackerBE.csproj", "{EF48F6F0-7A27-4C57-B2B2-8FEC7CCE533E}"
EndProject
Global
	GlobalSection(SolutionConfigurationPlatforms) = preSolution
		Debug|Any CPU = Debug|Any CPU
		Release|Any CPU = Release|Any CPU
	EndGlobalSection
	GlobalSection(ProjectConfigurationPlatforms) = postSolution
		{EF48F6F0-7A27-4C57-B2B2-8FEC7CCE533E}.Debug|Any CPU.ActiveCfg = Debug|Any CPU
		{EF48F6F0-7A27-4C57-B2B2-8FEC7CCE533E}.Debug|Any CPU.Build.0 = Debug|Any CPU
		{EF48F6F0-7A27-4C57-B2B2-8FEC7CCE533E}.Release|Any CPU.ActiveCfg = Release|Any CPU
		{EF48F6F0-7A27-4C57-B2B2-8FEC7CCE533E}.Release|Any CPU.Build.0 = Release|Any CPU
	EndGlobalSection
	GlobalSection(SolutionProperties) = preSolution
		HideSolutionNode = FALSE
	EndGlobalSection
	GlobalSection(ExtensibilityGlobals) = postSolution
		SolutionGuid = {DDDC9E26-49F3-4E0A-8CAD-42A160DC14BE}
	EndGlobalSection
EndGlobal
